
Microsoft Visual Studio Solution File, Format Version 12.00
# Visual Studio Version 16
VisualStudioVersion = 16.0.30114.105
MinimumVisualStudioVersion = 10.0.40219.1
Project("{9A19103F-16F7-4668-BE54-9A1E7A4F7556}") = "CCM_New.Server", "CCM_New\Server\CCM_New.Server.csproj", "{69EBE558-95F8-4456-A152-C69F7ED12C4D}"
EndProject
Project("{9A19103F-16F7-4668-BE54-9A1E7A4F7556}") = "CCM_New.Client", "CCM_New\Client\CCM_New.Client.csproj", "{5662E199-498A-4F45-9395-103C4731F9A2}"
EndProject
Project("{9A19103F-16F7-4668-BE54-9A1E7A4F7556}") = "CCM_New.Shared", "CCM_New\Shared\CCM_New.Shared.csproj", "{04346859-0A75-446A-B6CC-E1773AD7DBEF}"
EndProject
Global
	GlobalSection(SolutionConfigurationPlatforms) = preSolution
		Debug|Any CPU = Debug|Any CPU
		Release|Any CPU = Release|Any CPU
	EndGlobalSection
	GlobalSection(ProjectConfigurationPlatforms) = postSolution
		{69EBE558-95F8-4456-A152-C69F7ED12C4D}.Debug|Any CPU.ActiveCfg = Debug|Any CPU
		{69EBE558-95F8-4456-A152-C69F7ED12C4D}.Debug|Any CPU.Build.0 = Debug|Any CPU
		{69EBE558-95F8-4456-A152-C69F7ED12C4D}.Release|Any CPU.ActiveCfg = Release|Any CPU
		{69EBE558-95F8-4456-A152-C69F7ED12C4D}.Release|Any CPU.Build.0 = Release|Any CPU
		{5662E199-498A-4F45-9395-103C4731F9A2}.Debug|Any CPU.ActiveCfg = Debug|Any CPU
		{5662E199-498A-4F45-9395-103C4731F9A2}.Debug|Any CPU.Build.0 = Debug|Any CPU
		{5662E199-498A-4F45-9395-103C4731F9A2}.Release|Any CPU.ActiveCfg = Release|Any CPU
		{5662E199-498A-4F45-9395-103C4731F9A2}.Release|Any CPU.Build.0 = Release|Any CPU
		{04346859-0A75-446A-B6CC-E1773AD7DBEF}.Debug|Any CPU.ActiveCfg = Debug|Any CPU
		{04346859-0A75-446A-B6CC-E1773AD7DBEF}.Debug|Any CPU.Build.0 = Debug|Any CPU
		{04346859-0A75-446A-B6CC-E1773AD7DBEF}.Release|Any CPU.ActiveCfg = Release|Any CPU
		{04346859-0A75-446A-B6CC-E1773AD7DBEF}.Release|Any CPU.Build.0 = Release|Any CPU
	EndGlobalSection
	GlobalSection(SolutionProperties) = preSolution
		HideSolutionNode = FALSE
	EndGlobalSection
	GlobalSection(ExtensibilityGlobals) = postSolution
		SolutionGuid = {91CC7788-572E-413D-BC24-8155C582145F}
	EndGlobalSection
EndGlobal
